
Microsoft Visual Studio Solution File, Format Version 12.00
# Visual Studio Version 16
VisualStudioVersion = 16.0.30907.101
MinimumVisualStudioVersion = 10.0.40219.1
Project("{FAE04EC0-301F-11D3-BF4B-00C04F79EFBC}") = "WebBrowser.UI", "WebBrowser.UI\WebBrowser.UI.csproj", "{91E8E23A-D3DC-44A1-B868-4EC22FDCFF4E}"
EndProject
Project("{FAE04EC0-301F-11D3-BF4B-00C04F79EFBC}") = "Browser.Logic", "Browser.Logic\Browser.Logic.csproj", "{38FCCAFC-7C52-4E8F-BD45-BB85B38B3B51}"
EndProject
Project("{FAE04EC0-301F-11D3-BF4B-00C04F79EFBC}") = "Browser.Data", "Browser.Data\Browser.Data.csproj", "{B88FC76F-1420-49C5-B20B-74EBF7DC0A3B}"
EndProject
Global
	GlobalSection(SolutionConfigurationPlatforms) = preSolution
		Debug|Any CPU = Debug|Any CPU
		Release|Any CPU = Release|Any CPU
	EndGlobalSection
	GlobalSection(ProjectConfigurationPlatforms) = postSolution
		{91E8E23A-D3DC-44A1-B868-4EC22FDCFF4E}.Debug|Any CPU.ActiveCfg = Debug|Any CPU
		{91E8E23A-D3DC-44A1-B868-4EC22FDCFF4E}.Debug|Any CPU.Build.0 = Debug|Any CPU
		{91E8E23A-D3DC-44A1-B868-4EC22FDCFF4E}.Release|Any CPU.ActiveCfg = Release|Any CPU
		{91E8E23A-D3DC-44A1-B868-4EC22FDCFF4E}.Release|Any CPU.Build.0 = Release|Any CPU
		{38FCCAFC-7C52-4E8F-BD45-BB85B38B3B51}.Debug|Any CPU.ActiveCfg = Debug|Any CPU
		{38FCCAFC-7C52-4E8F-BD45-BB85B38B3B51}.Debug|Any CPU.Build.0 = Debug|Any CPU
		{38FCCAFC-7C52-4E8F-BD45-BB85B38B3B51}.Release|Any CPU.ActiveCfg = Release|Any CPU
		{38FCCAFC-7C52-4E8F-BD45-BB85B38B3B51}.Release|Any CPU.Build.0 = Release|Any CPU
		{B88FC76F-1420-49C5-B20B-74EBF7DC0A3B}.Debug|Any CPU.ActiveCfg = Debug|Any CPU
		{B88FC76F-1420-49C5-B20B-74EBF7DC0A3B}.Debug|Any CPU.Build.0 = Debug|Any CPU
		{B88FC76F-1420-49C5-B20B-74EBF7DC0A3B}.Release|Any CPU.ActiveCfg = Release|Any CPU
		{B88FC76F-1420-49C5-B20B-74EBF7DC0A3B}.Release|Any CPU.Build.0 = Release|Any CPU
	EndGlobalSection
	GlobalSection(SolutionProperties) = preSolution
		HideSolutionNode = FALSE
	EndGlobalSection
	GlobalSection(ExtensibilityGlobals) = postSolution
		SolutionGuid = {1407C34A-2E8A-468E-B838-16A52BD79ED7}
	EndGlobalSection
EndGlobal
