
Microsoft Visual Studio Solution File, Format Version 12.00
# Visual Studio 15
VisualStudioVersion = 15.0.28307.1231
MinimumVisualStudioVersion = 10.0.40219.1
Project("{FAE04EC0-301F-11D3-BF4B-00C04F79EFBC}") = "WebBrowser.UI", "WebBrowser.UI\WebBrowser.UI.csproj", "{91E8E23A-D3DC-44A1-B868-4EC22FDCFF4E}"
EndProject
Project("{FAE04EC0-301F-11D3-BF4B-00C04F79EFBC}") = "WebBrowser.Data", "WebBrowser.Data\WebBrowser.Data.csproj", "{9B8ADCBD-88C5-4875-BE4A-361EB80A0C6A}"
EndProject
Project("{FAE04EC0-301F-11D3-BF4B-00C04F79EFBC}") = "WebBrowser.Logic", "WebBrowser.Logic\WebBrowser.Logic.csproj", "{FCF01FC5-0581-4431-8E87-F649DDEC580A}"
EndProject
Global
	GlobalSection(SolutionConfigurationPlatforms) = preSolution
		Debug|Any CPU = Debug|Any CPU
		Release|Any CPU = Release|Any CPU
	EndGlobalSection
	GlobalSection(ProjectConfigurationPlatforms) = postSolution
		{91E8E23A-D3DC-44A1-B868-4EC22FDCFF4E}.Debug|Any CPU.ActiveCfg = Debug|Any CPU
		{91E8E23A-D3DC-44A1-B868-4EC22FDCFF4E}.Debug|Any CPU.Build.0 = Debug|Any CPU
		{91E8E23A-D3DC-44A1-B868-4EC22FDCFF4E}.Release|Any CPU.ActiveCfg = Release|Any CPU
		{91E8E23A-D3DC-44A1-B868-4EC22FDCFF4E}.Release|Any CPU.Build.0 = Release|Any CPU
		{9B8ADCBD-88C5-4875-BE4A-361EB80A0C6A}.Debug|Any CPU.ActiveCfg = Debug|Any CPU
		{9B8ADCBD-88C5-4875-BE4A-361EB80A0C6A}.Debug|Any CPU.Build.0 = Debug|Any CPU
		{9B8ADCBD-88C5-4875-BE4A-361EB80A0C6A}.Release|Any CPU.ActiveCfg = Release|Any CPU
		{9B8ADCBD-88C5-4875-BE4A-361EB80A0C6A}.Release|Any CPU.Build.0 = Release|Any CPU
		{FCF01FC5-0581-4431-8E87-F649DDEC580A}.Debug|Any CPU.ActiveCfg = Debug|Any CPU
		{FCF01FC5-0581-4431-8E87-F649DDEC580A}.Debug|Any CPU.Build.0 = Debug|Any CPU
		{FCF01FC5-0581-4431-8E87-F649DDEC580A}.Release|Any CPU.ActiveCfg = Release|Any CPU
		{FCF01FC5-0581-4431-8E87-F649DDEC580A}.Release|Any CPU.Build.0 = Release|Any CPU
	EndGlobalSection
	GlobalSection(SolutionProperties) = preSolution
		HideSolutionNode = FALSE
	EndGlobalSection
	GlobalSection(ExtensibilityGlobals) = postSolution
		SolutionGuid = {1407C34A-2E8A-468E-B838-16A52BD79ED7}
	EndGlobalSection
EndGlobal
